
Microsoft Visual Studio Solution File, Format Version 12.00
Project("{2150E333-8FDC-42A3-9474-1A3956D46DE8}") = "src", "src", "{8543A2A7-0173-4CDF-A859-F5721626F55A}"
EndProject
Project("{FAE04EC0-301F-11D3-BF4B-00C04F79EFBC}") = "AppHost", "AppHost\AppHost.csproj", "{ED8F2A13-F024-4F1F-8049-0DCD5E485341}"
EndProject
Project("{FAE04EC0-301F-11D3-BF4B-00C04F79EFBC}") = "ServiceDefaults", "ServiceDefaults\ServiceDefaults.csproj", "{4BF2278A-AD83-4214-83D5-2C70EB541FDA}"
EndProject
Project("{FAE04EC0-301F-11D3-BF4B-00C04F79EFBC}") = "Product.API", "Product.API\Product.API.csproj", "{B5F7A318-624C-404E-B38B-3E8DA9B6A0B4}"
EndProject
Project("{FAE04EC0-301F-11D3-BF4B-00C04F79EFBC}") = "Identity.API", "Identity.API\Identity.API.csproj", "{0F004ABF-C67B-40D5-9B72-06DC25940050}"
EndProject
Global
	GlobalSection(SolutionConfigurationPlatforms) = preSolution
		Debug|Any CPU = Debug|Any CPU
		Release|Any CPU = Release|Any CPU
	EndGlobalSection
	GlobalSection(NestedProjects) = preSolution
		{ED8F2A13-F024-4F1F-8049-0DCD5E485341} = {8543A2A7-0173-4CDF-A859-F5721626F55A}
		{4BF2278A-AD83-4214-83D5-2C70EB541FDA} = {8543A2A7-0173-4CDF-A859-F5721626F55A}
		{B5F7A318-624C-404E-B38B-3E8DA9B6A0B4} = {8543A2A7-0173-4CDF-A859-F5721626F55A}
		{0F004ABF-C67B-40D5-9B72-06DC25940050} = {8543A2A7-0173-4CDF-A859-F5721626F55A}
	EndGlobalSection
	GlobalSection(ProjectConfigurationPlatforms) = postSolution
		{ED8F2A13-F024-4F1F-8049-0DCD5E485341}.Debug|Any CPU.ActiveCfg = Debug|Any CPU
		{ED8F2A13-F024-4F1F-8049-0DCD5E485341}.Debug|Any CPU.Build.0 = Debug|Any CPU
		{ED8F2A13-F024-4F1F-8049-0DCD5E485341}.Release|Any CPU.ActiveCfg = Release|Any CPU
		{ED8F2A13-F024-4F1F-8049-0DCD5E485341}.Release|Any CPU.Build.0 = Release|Any CPU
		{4BF2278A-AD83-4214-83D5-2C70EB541FDA}.Debug|Any CPU.ActiveCfg = Debug|Any CPU
		{4BF2278A-AD83-4214-83D5-2C70EB541FDA}.Debug|Any CPU.Build.0 = Debug|Any CPU
		{4BF2278A-AD83-4214-83D5-2C70EB541FDA}.Release|Any CPU.ActiveCfg = Release|Any CPU
		{4BF2278A-AD83-4214-83D5-2C70EB541FDA}.Release|Any CPU.Build.0 = Release|Any CPU
		{B5F7A318-624C-404E-B38B-3E8DA9B6A0B4}.Debug|Any CPU.ActiveCfg = Debug|Any CPU
		{B5F7A318-624C-404E-B38B-3E8DA9B6A0B4}.Debug|Any CPU.Build.0 = Debug|Any CPU
		{B5F7A318-624C-404E-B38B-3E8DA9B6A0B4}.Release|Any CPU.ActiveCfg = Release|Any CPU
		{B5F7A318-624C-404E-B38B-3E8DA9B6A0B4}.Release|Any CPU.Build.0 = Release|Any CPU
		{0F004ABF-C67B-40D5-9B72-06DC25940050}.Debug|Any CPU.ActiveCfg = Debug|Any CPU
		{0F004ABF-C67B-40D5-9B72-06DC25940050}.Debug|Any CPU.Build.0 = Debug|Any CPU
		{0F004ABF-C67B-40D5-9B72-06DC25940050}.Release|Any CPU.ActiveCfg = Release|Any CPU
		{0F004ABF-C67B-40D5-9B72-06DC25940050}.Release|Any CPU.Build.0 = Release|Any CPU
	EndGlobalSection
EndGlobal
