
Microsoft Visual Studio Solution File, Format Version 12.00
Project("{2150E333-8FDC-42A3-9474-1A3956D46DE8}") = "src", "src", "{8543A2A7-0173-4CDF-A859-F5721626F55A}"
EndProject
Project("{FAE04EC0-301F-11D3-BF4B-00C04F79EFBC}") = "AppHost", "src\AppHost\AppHost.csproj", "{38261D8E-FFF2-43DB-9461-7C84AB9843D6}"
EndProject
Project("{FAE04EC0-301F-11D3-BF4B-00C04F79EFBC}") = "Basket.API", "src\Basket.API\Basket.API.csproj", "{2D3AF561-2C02-435A-BE1D-2C6C01E0570B}"
EndProject
Project("{FAE04EC0-301F-11D3-BF4B-00C04F79EFBC}") = "Catalog.API", "src\Catalog.API\Catalog.API.csproj", "{BD8DF93B-FFDC-4EC9-944C-5A098FA33CCE}"
EndProject
Project("{FAE04EC0-301F-11D3-BF4B-00C04F79EFBC}") = "Core", "src\Core\Core.csproj", "{6326D552-78A5-4055-89F9-956B6D33B9D9}"
EndProject
Project("{FAE04EC0-301F-11D3-BF4B-00C04F79EFBC}") = "Notify.API", "src\Notify.API\Notify.API.csproj", "{B6DA1673-AA8F-4E84-918B-01E0290A691E}"
EndProject
Project("{FAE04EC0-301F-11D3-BF4B-00C04F79EFBC}") = "Identity.API", "src\Identity.API\Identity.API.csproj", "{9CA338B6-CACB-49AE-8BA8-1E7216E509F8}"
EndProject
Project("{FAE04EC0-301F-11D3-BF4B-00C04F79EFBC}") = "ServiceDefaults", "src\ServiceDefaults\ServiceDefaults.csproj", "{8D86A844-6CCC-4013-B8F8-0CA5453BB15D}"
EndProject
Global
	GlobalSection(SolutionConfigurationPlatforms) = preSolution
		Debug|Any CPU = Debug|Any CPU
		Release|Any CPU = Release|Any CPU
	EndGlobalSection
	GlobalSection(NestedProjects) = preSolution
		{38261D8E-FFF2-43DB-9461-7C84AB9843D6} = {8543A2A7-0173-4CDF-A859-F5721626F55A}
		{2D3AF561-2C02-435A-BE1D-2C6C01E0570B} = {8543A2A7-0173-4CDF-A859-F5721626F55A}
		{BD8DF93B-FFDC-4EC9-944C-5A098FA33CCE} = {8543A2A7-0173-4CDF-A859-F5721626F55A}
		{6326D552-78A5-4055-89F9-956B6D33B9D9} = {8543A2A7-0173-4CDF-A859-F5721626F55A}
		{B6DA1673-AA8F-4E84-918B-01E0290A691E} = {8543A2A7-0173-4CDF-A859-F5721626F55A}
		{9CA338B6-CACB-49AE-8BA8-1E7216E509F8} = {8543A2A7-0173-4CDF-A859-F5721626F55A}
		{8D86A844-6CCC-4013-B8F8-0CA5453BB15D} = {8543A2A7-0173-4CDF-A859-F5721626F55A}
	EndGlobalSection
	GlobalSection(ProjectConfigurationPlatforms) = postSolution
		{38261D8E-FFF2-43DB-9461-7C84AB9843D6}.Debug|Any CPU.ActiveCfg = Debug|Any CPU
		{38261D8E-FFF2-43DB-9461-7C84AB9843D6}.Debug|Any CPU.Build.0 = Debug|Any CPU
		{38261D8E-FFF2-43DB-9461-7C84AB9843D6}.Release|Any CPU.ActiveCfg = Release|Any CPU
		{38261D8E-FFF2-43DB-9461-7C84AB9843D6}.Release|Any CPU.Build.0 = Release|Any CPU
		{2D3AF561-2C02-435A-BE1D-2C6C01E0570B}.Debug|Any CPU.ActiveCfg = Debug|Any CPU
		{2D3AF561-2C02-435A-BE1D-2C6C01E0570B}.Debug|Any CPU.Build.0 = Debug|Any CPU
		{2D3AF561-2C02-435A-BE1D-2C6C01E0570B}.Release|Any CPU.ActiveCfg = Release|Any CPU
		{2D3AF561-2C02-435A-BE1D-2C6C01E0570B}.Release|Any CPU.Build.0 = Release|Any CPU
		{BD8DF93B-FFDC-4EC9-944C-5A098FA33CCE}.Debug|Any CPU.ActiveCfg = Debug|Any CPU
		{BD8DF93B-FFDC-4EC9-944C-5A098FA33CCE}.Debug|Any CPU.Build.0 = Debug|Any CPU
		{BD8DF93B-FFDC-4EC9-944C-5A098FA33CCE}.Release|Any CPU.ActiveCfg = Release|Any CPU
		{BD8DF93B-FFDC-4EC9-944C-5A098FA33CCE}.Release|Any CPU.Build.0 = Release|Any CPU
		{6326D552-78A5-4055-89F9-956B6D33B9D9}.Debug|Any CPU.ActiveCfg = Debug|Any CPU
		{6326D552-78A5-4055-89F9-956B6D33B9D9}.Debug|Any CPU.Build.0 = Debug|Any CPU
		{6326D552-78A5-4055-89F9-956B6D33B9D9}.Release|Any CPU.ActiveCfg = Release|Any CPU
		{6326D552-78A5-4055-89F9-956B6D33B9D9}.Release|Any CPU.Build.0 = Release|Any CPU
		{B6DA1673-AA8F-4E84-918B-01E0290A691E}.Debug|Any CPU.ActiveCfg = Debug|Any CPU
		{B6DA1673-AA8F-4E84-918B-01E0290A691E}.Debug|Any CPU.Build.0 = Debug|Any CPU
		{B6DA1673-AA8F-4E84-918B-01E0290A691E}.Release|Any CPU.ActiveCfg = Release|Any CPU
		{B6DA1673-AA8F-4E84-918B-01E0290A691E}.Release|Any CPU.Build.0 = Release|Any CPU
		{9CA338B6-CACB-49AE-8BA8-1E7216E509F8}.Debug|Any CPU.ActiveCfg = Debug|Any CPU
		{9CA338B6-CACB-49AE-8BA8-1E7216E509F8}.Debug|Any CPU.Build.0 = Debug|Any CPU
		{9CA338B6-CACB-49AE-8BA8-1E7216E509F8}.Release|Any CPU.ActiveCfg = Release|Any CPU
		{9CA338B6-CACB-49AE-8BA8-1E7216E509F8}.Release|Any CPU.Build.0 = Release|Any CPU
		{8D86A844-6CCC-4013-B8F8-0CA5453BB15D}.Debug|Any CPU.ActiveCfg = Debug|Any CPU
		{8D86A844-6CCC-4013-B8F8-0CA5453BB15D}.Debug|Any CPU.Build.0 = Debug|Any CPU
		{8D86A844-6CCC-4013-B8F8-0CA5453BB15D}.Release|Any CPU.ActiveCfg = Release|Any CPU
		{8D86A844-6CCC-4013-B8F8-0CA5453BB15D}.Release|Any CPU.Build.0 = Release|Any CPU
	EndGlobalSection
EndGlobal
